
Microsoft Visual Studio Solution File, Format Version 12.00
# Visual Studio 15
VisualStudioVersion = 15.0.28307.168
MinimumVisualStudioVersion = 10.0.40219.1
Project("{FAE04EC0-301F-11D3-BF4B-00C04F79EFBC}") = "TeamManager", "TeamManager\TeamManager.csproj", "{930FCAE6-42FE-4D6C-99D5-8795CA75AB2D}"
EndProject
Global
	GlobalSection(SolutionConfigurationPlatforms) = preSolution
		Debug|Any CPU = Debug|Any CPU
		Release|Any CPU = Release|Any CPU
	EndGlobalSection
	GlobalSection(ProjectConfigurationPlatforms) = postSolution
		{930FCAE6-42FE-4D6C-99D5-8795CA75AB2D}.Debug|Any CPU.ActiveCfg = Debug|Any CPU
		{930FCAE6-42FE-4D6C-99D5-8795CA75AB2D}.Debug|Any CPU.Build.0 = Debug|Any CPU
		{930FCAE6-42FE-4D6C-99D5-8795CA75AB2D}.Release|Any CPU.ActiveCfg = Release|Any CPU
		{930FCAE6-42FE-4D6C-99D5-8795CA75AB2D}.Release|Any CPU.Build.0 = Release|Any CPU
	EndGlobalSection
	GlobalSection(SolutionProperties) = preSolution
		HideSolutionNode = FALSE
	EndGlobalSection
	GlobalSection(ExtensibilityGlobals) = postSolution
		SolutionGuid = {2B53372D-137B-43CA-AD4C-74D42D489B77}
	EndGlobalSection
EndGlobal
